
Microsoft Visual Studio Solution File, Format Version 12.00
# Visual Studio Version 17
VisualStudioVersion = 17.4.33213.308
MinimumVisualStudioVersion = 10.0.40219.1
Project("{9A19103F-16F7-4668-BE54-9A1E7A4F7556}") = "demo", "demo\demo.csproj", "{2760A3B8-F63F-4EFD-874B-C627741B754B}"
EndProject
Project("{9A19103F-16F7-4668-BE54-9A1E7A4F7556}") = "01. Train", "01. Train\01. Train.csproj", "{0BC0AD60-4F2B-4A68-98F2-B36ECC302846}"
EndProject
Project("{9A19103F-16F7-4668-BE54-9A1E7A4F7556}") = "02. Common Elements", "02. Common Elements\02. Common Elements.csproj", "{F7D3F4E5-3898-4AF6-A4DA-4AFCB500F8FC}"
EndProject
Project("{9A19103F-16F7-4668-BE54-9A1E7A4F7556}") = "03. Zig-Zag Arrays", "03. Zig-Zag Arrays\03. Zig-Zag Arrays.csproj", "{67874579-0244-4498-933B-3F48F0AD3450}"
EndProject
Project("{9A19103F-16F7-4668-BE54-9A1E7A4F7556}") = "04. Array Rotation", "04. Array Rotation\04. Array Rotation.csproj", "{2109F284-2835-4889-BF3C-8428F0B811E2}"
EndProject
Project("{9A19103F-16F7-4668-BE54-9A1E7A4F7556}") = "05. Top Integers", "05. Top Integers\05. Top Integers.csproj", "{E5A26FA2-F986-4994-993B-74F9D780DDE7}"
EndProject
Project("{9A19103F-16F7-4668-BE54-9A1E7A4F7556}") = "06. Equal Sum", "06. Equal Sum\06. Equal Sum.csproj", "{FCAF1DF4-FFD2-457D-B5DA-51C555D4FE4E}"
EndProject
Project("{9A19103F-16F7-4668-BE54-9A1E7A4F7556}") = "07. Max Sequence of Equal Elements", "07. Max Sequence of Equal Elements\07. Max Sequence of Equal Elements.csproj", "{1564377A-8461-4E56-9919-5BB3E430C8BB}"
EndProject
Project("{FAE04EC0-301F-11D3-BF4B-00C04F79EFBC}") = "08. Magic Sum", "08. Magic Sum\08. Magic Sum.csproj", "{05F4409A-5093-4E88-8237-2179898F7717}"
EndProject
Global
	GlobalSection(SolutionConfigurationPlatforms) = preSolution
		Debug|Any CPU = Debug|Any CPU
		Release|Any CPU = Release|Any CPU
	EndGlobalSection
	GlobalSection(ProjectConfigurationPlatforms) = postSolution
		{2760A3B8-F63F-4EFD-874B-C627741B754B}.Debug|Any CPU.ActiveCfg = Debug|Any CPU
		{2760A3B8-F63F-4EFD-874B-C627741B754B}.Debug|Any CPU.Build.0 = Debug|Any CPU
		{2760A3B8-F63F-4EFD-874B-C627741B754B}.Release|Any CPU.ActiveCfg = Release|Any CPU
		{2760A3B8-F63F-4EFD-874B-C627741B754B}.Release|Any CPU.Build.0 = Release|Any CPU
		{0BC0AD60-4F2B-4A68-98F2-B36ECC302846}.Debug|Any CPU.ActiveCfg = Debug|Any CPU
		{0BC0AD60-4F2B-4A68-98F2-B36ECC302846}.Debug|Any CPU.Build.0 = Debug|Any CPU
		{0BC0AD60-4F2B-4A68-98F2-B36ECC302846}.Release|Any CPU.ActiveCfg = Release|Any CPU
		{0BC0AD60-4F2B-4A68-98F2-B36ECC302846}.Release|Any CPU.Build.0 = Release|Any CPU
		{F7D3F4E5-3898-4AF6-A4DA-4AFCB500F8FC}.Debug|Any CPU.ActiveCfg = Debug|Any CPU
		{F7D3F4E5-3898-4AF6-A4DA-4AFCB500F8FC}.Debug|Any CPU.Build.0 = Debug|Any CPU
		{F7D3F4E5-3898-4AF6-A4DA-4AFCB500F8FC}.Release|Any CPU.ActiveCfg = Release|Any CPU
		{F7D3F4E5-3898-4AF6-A4DA-4AFCB500F8FC}.Release|Any CPU.Build.0 = Release|Any CPU
		{67874579-0244-4498-933B-3F48F0AD3450}.Debug|Any CPU.ActiveCfg = Debug|Any CPU
		{67874579-0244-4498-933B-3F48F0AD3450}.Debug|Any CPU.Build.0 = Debug|Any CPU
		{67874579-0244-4498-933B-3F48F0AD3450}.Release|Any CPU.ActiveCfg = Release|Any CPU
		{67874579-0244-4498-933B-3F48F0AD3450}.Release|Any CPU.Build.0 = Release|Any CPU
		{2109F284-2835-4889-BF3C-8428F0B811E2}.Debug|Any CPU.ActiveCfg = Debug|Any CPU
		{2109F284-2835-4889-BF3C-8428F0B811E2}.Debug|Any CPU.Build.0 = Debug|Any CPU
		{2109F284-2835-4889-BF3C-8428F0B811E2}.Release|Any CPU.ActiveCfg = Release|Any CPU
		{2109F284-2835-4889-BF3C-8428F0B811E2}.Release|Any CPU.Build.0 = Release|Any CPU
		{E5A26FA2-F986-4994-993B-74F9D780DDE7}.Debug|Any CPU.ActiveCfg = Debug|Any CPU
		{E5A26FA2-F986-4994-993B-74F9D780DDE7}.Debug|Any CPU.Build.0 = Debug|Any CPU
		{E5A26FA2-F986-4994-993B-74F9D780DDE7}.Release|Any CPU.ActiveCfg = Release|Any CPU
		{E5A26FA2-F986-4994-993B-74F9D780DDE7}.Release|Any CPU.Build.0 = Release|Any CPU
		{FCAF1DF4-FFD2-457D-B5DA-51C555D4FE4E}.Debug|Any CPU.ActiveCfg = Debug|Any CPU
		{FCAF1DF4-FFD2-457D-B5DA-51C555D4FE4E}.Debug|Any CPU.Build.0 = Debug|Any CPU
		{FCAF1DF4-FFD2-457D-B5DA-51C555D4FE4E}.Release|Any CPU.ActiveCfg = Release|Any CPU
		{FCAF1DF4-FFD2-457D-B5DA-51C555D4FE4E}.Release|Any CPU.Build.0 = Release|Any CPU
		{1564377A-8461-4E56-9919-5BB3E430C8BB}.Debug|Any CPU.ActiveCfg = Debug|Any CPU
		{1564377A-8461-4E56-9919-5BB3E430C8BB}.Debug|Any CPU.Build.0 = Debug|Any CPU
		{1564377A-8461-4E56-9919-5BB3E430C8BB}.Release|Any CPU.ActiveCfg = Release|Any CPU
		{1564377A-8461-4E56-9919-5BB3E430C8BB}.Release|Any CPU.Build.0 = Release|Any CPU
		{05F4409A-5093-4E88-8237-2179898F7717}.Debug|Any CPU.ActiveCfg = Debug|Any CPU
		{05F4409A-5093-4E88-8237-2179898F7717}.Debug|Any CPU.Build.0 = Debug|Any CPU
		{05F4409A-5093-4E88-8237-2179898F7717}.Release|Any CPU.ActiveCfg = Release|Any CPU
		{05F4409A-5093-4E88-8237-2179898F7717}.Release|Any CPU.Build.0 = Release|Any CPU
	EndGlobalSection
	GlobalSection(SolutionProperties) = preSolution
		HideSolutionNode = FALSE
	EndGlobalSection
	GlobalSection(ExtensibilityGlobals) = postSolution
		SolutionGuid = {F87075FE-503E-4A9C-81B8-A96B55B208FC}
	EndGlobalSection
EndGlobal
